
Microsoft Visual Studio Solution File, Format Version 12.00
# Visual Studio Version 16
VisualStudioVersion = 16.0.29324.140
MinimumVisualStudioVersion = 10.0.40219.1
Project("{9A19103F-16F7-4668-BE54-9A1E7A4F7556}") = "Program", "..\Program\Program.csproj", "{82BD723A-00B2-4150-93E4-282CFDD51909}"
EndProject
Project("{9A19103F-16F7-4668-BE54-9A1E7A4F7556}") = "NuggetOfficialDiscord", "NuggetOfficialDiscord.csproj", "{53330339-CF81-4514-9AE7-1769FECB63D4}"
EndProject
Global
	GlobalSection(SolutionConfigurationPlatforms) = preSolution
		Debug|Any CPU = Debug|Any CPU
		Release|Any CPU = Release|Any CPU
	EndGlobalSection
	GlobalSection(ProjectConfigurationPlatforms) = postSolution
		{82BD723A-00B2-4150-93E4-282CFDD51909}.Debug|Any CPU.ActiveCfg = Debug|Any CPU
		{82BD723A-00B2-4150-93E4-282CFDD51909}.Debug|Any CPU.Build.0 = Debug|Any CPU
		{82BD723A-00B2-4150-93E4-282CFDD51909}.Release|Any CPU.ActiveCfg = Release|Any CPU
		{82BD723A-00B2-4150-93E4-282CFDD51909}.Release|Any CPU.Build.0 = Release|Any CPU
		{53330339-CF81-4514-9AE7-1769FECB63D4}.Debug|Any CPU.ActiveCfg = Debug|Any CPU
		{53330339-CF81-4514-9AE7-1769FECB63D4}.Debug|Any CPU.Build.0 = Debug|Any CPU
		{53330339-CF81-4514-9AE7-1769FECB63D4}.Release|Any CPU.ActiveCfg = Release|Any CPU
		{53330339-CF81-4514-9AE7-1769FECB63D4}.Release|Any CPU.Build.0 = Release|Any CPU
	EndGlobalSection
	GlobalSection(SolutionProperties) = preSolution
		HideSolutionNode = FALSE
	EndGlobalSection
	GlobalSection(ExtensibilityGlobals) = postSolution
		SolutionGuid = {D65042F1-7364-4C07-A8C9-0CD55742AD1B}
	EndGlobalSection
EndGlobal
